
Microsoft Visual Studio Solution File, Format Version 12.00
# Visual Studio Version 17
VisualStudioVersion = 17.10.35013.160
MinimumVisualStudioVersion = 10.0.40219.1
Project("{9A19103F-16F7-4668-BE54-9A1E7A4F7556}") = "ToDoApp.MauiMobile.UsingRestApi", "ToDoApp.MauiMobile.UsingRestApi.csproj", "{8971A5E0-3A46-4BB2-BECA-B8BE1DC5260F}"
EndProject
Global
	GlobalSection(SolutionConfigurationPlatforms) = preSolution
		Debug|Any CPU = Debug|Any CPU
		Release|Any CPU = Release|Any CPU
	EndGlobalSection
	GlobalSection(ProjectConfigurationPlatforms) = postSolution
		{8971A5E0-3A46-4BB2-BECA-B8BE1DC5260F}.Debug|Any CPU.ActiveCfg = Debug|Any CPU
		{8971A5E0-3A46-4BB2-BECA-B8BE1DC5260F}.Debug|Any CPU.Build.0 = Debug|Any CPU
		{8971A5E0-3A46-4BB2-BECA-B8BE1DC5260F}.Debug|Any CPU.Deploy.0 = Debug|Any CPU
		{8971A5E0-3A46-4BB2-BECA-B8BE1DC5260F}.Release|Any CPU.ActiveCfg = Release|Any CPU
		{8971A5E0-3A46-4BB2-BECA-B8BE1DC5260F}.Release|Any CPU.Build.0 = Release|Any CPU
		{8971A5E0-3A46-4BB2-BECA-B8BE1DC5260F}.Release|Any CPU.Deploy.0 = Release|Any CPU
	EndGlobalSection
	GlobalSection(SolutionProperties) = preSolution
		HideSolutionNode = FALSE
	EndGlobalSection
	GlobalSection(ExtensibilityGlobals) = postSolution
		SolutionGuid = {FC0B0C16-7EDE-4BD0-98C7-CD97FC3B6DA1}
	EndGlobalSection
EndGlobal
